NeoBundleLock ctrlp.vim 564176f01d7f3f7f8ab452ff4e1f5314de7b0981
NeoBundleLock neobundle.vim f6db43267e86dde837c75d7ff202fea948848a11
NeoBundleLock nerdtree 4ebbb533c3faf2c480211db2b547972bb3b60f2b
NeoBundleLock nerdtree-git-plugin 2cc01be4e4246cfed534833c64624386d69a9ae3
NeoBundleLock powerline 7ed55bb25c8d9ab3f96d63e83d11772c2fd07c9e
NeoBundleLock vim-airline ca6ab34e3ce2d25e5625fe56ef31d5032c69dbec
NeoBundleLock vim-coffee-script 32fe889b8cafd3a4921ef8e6485156453ff58c42
NeoBundleLock vim-easymotion 39abbf30a7bfc16de139b52ce0d7d2a286da52a8
NeoBundleLock vim-fugitive 1c844375fa2762e3b7c16294fa36afee6fef28b1
NeoBundleLock vim-gitgutter 4510e9b33506b4b09168c99934c42ee1ce89bba2
NeoBundleLock vim-powerline 114f8e5c204f1cac9b2443065910fa182de39fb8
NeoBundleLock vim-surround 2d05440ad23f97a7874ebd9b5de3a0e65d25d85c
